
Microsoft Visual Studio Solution File, Format Version 12.00
# Visual Studio 15
VisualStudioVersion = 15.0.27130.2027
MinimumVisualStudioVersion = 10.0.40219.1
Project("{9A19103F-16F7-4668-BE54-9A1E7A4F7556}") = "GameMaster.Tests", "GameMaster.Tests\GameMaster.Tests.csproj", "{B2A3B305-F130-49EB-AB58-3E7C34F566D8}"
EndProject
Project("{9A19103F-16F7-4668-BE54-9A1E7A4F7556}") = "GameMaster", "GameMaster\GameMaster.csproj", "{C2DD43DB-BCD4-4D13-AC21-90907783ACB9}"
EndProject
Project("{9A19103F-16F7-4668-BE54-9A1E7A4F7556}") = "Player", "Player\Player.csproj", "{DF47BC65-E25C-408B-A004-5DE35BEC59AA}"
EndProject
Project("{9A19103F-16F7-4668-BE54-9A1E7A4F7556}") = "GameSimulation", "GameSimulation\GameSimulation.csproj", "{BA0395C7-780D-4F16-8919-AB6F064EF795}"
EndProject
Project("{9A19103F-16F7-4668-BE54-9A1E7A4F7556}") = "Common", "Common\Common.csproj", "{C97DC559-3C3D-4F2F-90BF-FE962C9084B4}"
EndProject
Project("{9A19103F-16F7-4668-BE54-9A1E7A4F7556}") = "Messaging", "Messaging\Messaging.csproj", "{63D4F187-AD3B-4785-A1E8-7A25B6066D2C}"
EndProject
Project("{9A19103F-16F7-4668-BE54-9A1E7A4F7556}") = "ClientsCommon.Tests", "Common.Tests\ClientsCommon.Tests.csproj", "{01F849F7-209C-4C96-A218-4A6B7AA9D936}"
EndProject
Project("{9A19103F-16F7-4668-BE54-9A1E7A4F7556}") = "Messaging.Tests", "Messaging.Tests\Messaging.Tests.csproj", "{6EE0C0FB-8C98-40CB-8613-F37A26D2C62D}"
EndProject
Project("{9A19103F-16F7-4668-BE54-9A1E7A4F7556}") = "BoardGenerators", "BoardGenerators\BoardGenerators.csproj", "{543ECCEE-4770-418D-B739-407716A3685A}"
EndProject
Project("{9A19103F-16F7-4668-BE54-9A1E7A4F7556}") = "CommunicationServer", "CommunicationServer\CommunicationServer.csproj", "{A3CD5E52-F275-49EC-B52F-E3EFB699E73E}"
EndProject
Project("{9A19103F-16F7-4668-BE54-9A1E7A4F7556}") = "TestScenarios", "TestScenarios\TestScenarios.csproj", "{EB9D702A-D4E5-43B1-96B0-7D513DCA5977}"
EndProject
Project("{9A19103F-16F7-4668-BE54-9A1E7A4F7556}") = "Player.Tests", "Player.Tests\Player.Tests.csproj", "{03CC183C-BD6B-4FEF-9D5C-FD68AE292D43}"
EndProject
Project("{9A19103F-16F7-4668-BE54-9A1E7A4F7556}") = "CommunicationServer.App", "CommunicationServer.App\CommunicationServer.App.csproj", "{D60337F0-008E-478B-8845-48B3DFC20500}"
EndProject
Project("{9A19103F-16F7-4668-BE54-9A1E7A4F7556}") = "GameMaster.App", "GameMaster.App\GameMaster.App.csproj", "{167900F1-D2E1-4F0C-A918-BE03732B91A1}"
EndProject
Project("{9A19103F-16F7-4668-BE54-9A1E7A4F7556}") = "Player.App", "Player.App\Player.App.csproj", "{922E4027-E1C7-4CE8-BAC4-D435B1B42FC5}"
EndProject
Project("{9A19103F-16F7-4668-BE54-9A1E7A4F7556}") = "Communication", "Communication\Communication.csproj", "{15EF65AF-E187-4EB2-B661-F03F29427E02}"
EndProject
Project("{9A19103F-16F7-4668-BE54-9A1E7A4F7556}") = "ClientsCommon", "ClientsCommon\ClientsCommon.csproj", "{445AC1E2-1B6C-4C35-ADAD-34FD140D7464}"
EndProject
Project("{FAE04EC0-301F-11D3-BF4B-00C04F79EFBC}") = "Resources", "Resources\Resources.csproj", "{B3D2BE26-3F02-45E6-B9F4-D64C136169D1}"
EndProject
Global
	GlobalSection(SolutionConfigurationPlatforms) = preSolution
		Debug|Any CPU = Debug|Any CPU
		Release|Any CPU = Release|Any CPU
	EndGlobalSection
	GlobalSection(ProjectConfigurationPlatforms) = postSolution
		{B2A3B305-F130-49EB-AB58-3E7C34F566D8}.Debug|Any CPU.ActiveCfg = Debug|Any CPU
		{B2A3B305-F130-49EB-AB58-3E7C34F566D8}.Debug|Any CPU.Build.0 = Debug|Any CPU
		{B2A3B305-F130-49EB-AB58-3E7C34F566D8}.Release|Any CPU.ActiveCfg = Release|Any CPU
		{B2A3B305-F130-49EB-AB58-3E7C34F566D8}.Release|Any CPU.Build.0 = Release|Any CPU
		{C2DD43DB-BCD4-4D13-AC21-90907783ACB9}.Debug|Any CPU.ActiveCfg = Debug|Any CPU
		{C2DD43DB-BCD4-4D13-AC21-90907783ACB9}.Debug|Any CPU.Build.0 = Debug|Any CPU
		{C2DD43DB-BCD4-4D13-AC21-90907783ACB9}.Release|Any CPU.ActiveCfg = Release|Any CPU
		{C2DD43DB-BCD4-4D13-AC21-90907783ACB9}.Release|Any CPU.Build.0 = Release|Any CPU
		{DF47BC65-E25C-408B-A004-5DE35BEC59AA}.Debug|Any CPU.ActiveCfg = Debug|Any CPU
		{DF47BC65-E25C-408B-A004-5DE35BEC59AA}.Debug|Any CPU.Build.0 = Debug|Any CPU
		{DF47BC65-E25C-408B-A004-5DE35BEC59AA}.Release|Any CPU.ActiveCfg = Release|Any CPU
		{DF47BC65-E25C-408B-A004-5DE35BEC59AA}.Release|Any CPU.Build.0 = Release|Any CPU
		{BA0395C7-780D-4F16-8919-AB6F064EF795}.Debug|Any CPU.ActiveCfg = Debug|Any CPU
		{BA0395C7-780D-4F16-8919-AB6F064EF795}.Debug|Any CPU.Build.0 = Debug|Any CPU
		{BA0395C7-780D-4F16-8919-AB6F064EF795}.Release|Any CPU.ActiveCfg = Release|Any CPU
		{BA0395C7-780D-4F16-8919-AB6F064EF795}.Release|Any CPU.Build.0 = Release|Any CPU
		{C97DC559-3C3D-4F2F-90BF-FE962C9084B4}.Debug|Any CPU.ActiveCfg = Debug|Any CPU
		{C97DC559-3C3D-4F2F-90BF-FE962C9084B4}.Debug|Any CPU.Build.0 = Debug|Any CPU
		{C97DC559-3C3D-4F2F-90BF-FE962C9084B4}.Release|Any CPU.ActiveCfg = Release|Any CPU
		{C97DC559-3C3D-4F2F-90BF-FE962C9084B4}.Release|Any CPU.Build.0 = Release|Any CPU
		{63D4F187-AD3B-4785-A1E8-7A25B6066D2C}.Debug|Any CPU.ActiveCfg = Debug|Any CPU
		{63D4F187-AD3B-4785-A1E8-7A25B6066D2C}.Debug|Any CPU.Build.0 = Debug|Any CPU
		{63D4F187-AD3B-4785-A1E8-7A25B6066D2C}.Release|Any CPU.ActiveCfg = Release|Any CPU
		{63D4F187-AD3B-4785-A1E8-7A25B6066D2C}.Release|Any CPU.Build.0 = Release|Any CPU
		{01F849F7-209C-4C96-A218-4A6B7AA9D936}.Debug|Any CPU.ActiveCfg = Debug|Any CPU
		{01F849F7-209C-4C96-A218-4A6B7AA9D936}.Debug|Any CPU.Build.0 = Debug|Any CPU
		{01F849F7-209C-4C96-A218-4A6B7AA9D936}.Release|Any CPU.ActiveCfg = Release|Any CPU
		{01F849F7-209C-4C96-A218-4A6B7AA9D936}.Release|Any CPU.Build.0 = Release|Any CPU
		{6EE0C0FB-8C98-40CB-8613-F37A26D2C62D}.Debug|Any CPU.ActiveCfg = Debug|Any CPU
		{6EE0C0FB-8C98-40CB-8613-F37A26D2C62D}.Debug|Any CPU.Build.0 = Debug|Any CPU
		{6EE0C0FB-8C98-40CB-8613-F37A26D2C62D}.Release|Any CPU.ActiveCfg = Release|Any CPU
		{6EE0C0FB-8C98-40CB-8613-F37A26D2C62D}.Release|Any CPU.Build.0 = Release|Any CPU
		{543ECCEE-4770-418D-B739-407716A3685A}.Debug|Any CPU.ActiveCfg = Debug|Any CPU
		{543ECCEE-4770-418D-B739-407716A3685A}.Debug|Any CPU.Build.0 = Debug|Any CPU
		{543ECCEE-4770-418D-B739-407716A3685A}.Release|Any CPU.ActiveCfg = Release|Any CPU
		{543ECCEE-4770-418D-B739-407716A3685A}.Release|Any CPU.Build.0 = Release|Any CPU
		{A3CD5E52-F275-49EC-B52F-E3EFB699E73E}.Debug|Any CPU.ActiveCfg = Debug|Any CPU
		{A3CD5E52-F275-49EC-B52F-E3EFB699E73E}.Debug|Any CPU.Build.0 = Debug|Any CPU
		{A3CD5E52-F275-49EC-B52F-E3EFB699E73E}.Release|Any CPU.ActiveCfg = Release|Any CPU
		{A3CD5E52-F275-49EC-B52F-E3EFB699E73E}.Release|Any CPU.Build.0 = Release|Any CPU
		{EB9D702A-D4E5-43B1-96B0-7D513DCA5977}.Debug|Any CPU.ActiveCfg = Debug|Any CPU
		{EB9D702A-D4E5-43B1-96B0-7D513DCA5977}.Debug|Any CPU.Build.0 = Debug|Any CPU
		{EB9D702A-D4E5-43B1-96B0-7D513DCA5977}.Release|Any CPU.ActiveCfg = Release|Any CPU
		{EB9D702A-D4E5-43B1-96B0-7D513DCA5977}.Release|Any CPU.Build.0 = Release|Any CPU
		{03CC183C-BD6B-4FEF-9D5C-FD68AE292D43}.Debug|Any CPU.ActiveCfg = Debug|Any CPU
		{03CC183C-BD6B-4FEF-9D5C-FD68AE292D43}.Debug|Any CPU.Build.0 = Debug|Any CPU
		{03CC183C-BD6B-4FEF-9D5C-FD68AE292D43}.Release|Any CPU.ActiveCfg = Release|Any CPU
		{03CC183C-BD6B-4FEF-9D5C-FD68AE292D43}.Release|Any CPU.Build.0 = Release|Any CPU
		{D60337F0-008E-478B-8845-48B3DFC20500}.Debug|Any CPU.ActiveCfg = Debug|Any CPU
		{D60337F0-008E-478B-8845-48B3DFC20500}.Debug|Any CPU.Build.0 = Debug|Any CPU
		{D60337F0-008E-478B-8845-48B3DFC20500}.Release|Any CPU.ActiveCfg = Release|Any CPU
		{D60337F0-008E-478B-8845-48B3DFC20500}.Release|Any CPU.Build.0 = Release|Any CPU
		{167900F1-D2E1-4F0C-A918-BE03732B91A1}.Debug|Any CPU.ActiveCfg = Debug|Any CPU
		{167900F1-D2E1-4F0C-A918-BE03732B91A1}.Debug|Any CPU.Build.0 = Debug|Any CPU
		{167900F1-D2E1-4F0C-A918-BE03732B91A1}.Release|Any CPU.ActiveCfg = Release|Any CPU
		{167900F1-D2E1-4F0C-A918-BE03732B91A1}.Release|Any CPU.Build.0 = Release|Any CPU
		{922E4027-E1C7-4CE8-BAC4-D435B1B42FC5}.Debug|Any CPU.ActiveCfg = Debug|Any CPU
		{922E4027-E1C7-4CE8-BAC4-D435B1B42FC5}.Debug|Any CPU.Build.0 = Debug|Any CPU
		{922E4027-E1C7-4CE8-BAC4-D435B1B42FC5}.Release|Any CPU.ActiveCfg = Release|Any CPU
		{922E4027-E1C7-4CE8-BAC4-D435B1B42FC5}.Release|Any CPU.Build.0 = Release|Any CPU
		{15EF65AF-E187-4EB2-B661-F03F29427E02}.Debug|Any CPU.ActiveCfg = Debug|Any CPU
		{15EF65AF-E187-4EB2-B661-F03F29427E02}.Debug|Any CPU.Build.0 = Debug|Any CPU
		{15EF65AF-E187-4EB2-B661-F03F29427E02}.Release|Any CPU.ActiveCfg = Release|Any CPU
		{15EF65AF-E187-4EB2-B661-F03F29427E02}.Release|Any CPU.Build.0 = Release|Any CPU
		{445AC1E2-1B6C-4C35-ADAD-34FD140D7464}.Debug|Any CPU.ActiveCfg = Debug|Any CPU
		{445AC1E2-1B6C-4C35-ADAD-34FD140D7464}.Debug|Any CPU.Build.0 = Debug|Any CPU
		{445AC1E2-1B6C-4C35-ADAD-34FD140D7464}.Release|Any CPU.ActiveCfg = Release|Any CPU
		{445AC1E2-1B6C-4C35-ADAD-34FD140D7464}.Release|Any CPU.Build.0 = Release|Any CPU
		{B3D2BE26-3F02-45E6-B9F4-D64C136169D1}.Debug|Any CPU.ActiveCfg = Debug|Any CPU
		{B3D2BE26-3F02-45E6-B9F4-D64C136169D1}.Debug|Any CPU.Build.0 = Debug|Any CPU
		{B3D2BE26-3F02-45E6-B9F4-D64C136169D1}.Release|Any CPU.ActiveCfg = Release|Any CPU
		{B3D2BE26-3F02-45E6-B9F4-D64C136169D1}.Release|Any CPU.Build.0 = Release|Any CPU
	EndGlobalSection
	GlobalSection(SolutionProperties) = preSolution
		HideSolutionNode = FALSE
	EndGlobalSection
	GlobalSection(ExtensibilityGlobals) = postSolution
		SolutionGuid = {1C3BFD35-EF41-4AD2-9EE7-54AF0110BE49}
	EndGlobalSection
EndGlobal
